{
    "name": "ns8-utils",
    "version": "1.0.10",
    "lockfileVersion": 1,
    "requires": true,
    "dependencies": {
        "@types/clone": {
            "version": "0.1.30",
            "resolved": "https://registry.npmjs.org/@types/clone/-/clone-0.1.30.tgz",
            "integrity": "sha1-5zZWSMG0ITalnH1QQGN7O1yDthQ="
        },
        "@types/moment-timezone": {
            "version": "0.5.3",
            "resolved": "https://registry.npmjs.org/@types/moment-timezone/-/moment-timezone-0.5.3.tgz",
            "integrity": "sha512-FdnK7nZZXkSDO2InIBociTYbsEOLN/NijlNevFcB1vexHuh9lRGwdbClTQAI3eH1clJmwdQ7Q+jOSv9H3EJTJw==",
            "requires": {
                "moment": "2.20.1"
            }
        },
        "@types/node": {
            "version": "8.5.7",
            "resolved": "https://registry.npmjs.org/@types/node/-/node-8.5.7.tgz",
            "integrity": "sha512-+1ZfzGIq8Y3EV7hPF7bs3i+Gi2mqYOiEGGRxGYPrn+hTYLMmzg+/5TkMkCHiRtLB38XSNvr/43aQ9+cUq4BbBg=="
        },
        "clone": {
            "version": "2.1.1",
            "resolved": "https://registry.npmjs.org/clone/-/clone-2.1.1.tgz",
            "integrity": "sha1-0hfR6WERjjrJpLi7oyhVU79kfNs="
        },
        "dotenv": {
            "version": "4.0.0",
            "resolved": "https://registry.npmjs.org/dotenv/-/dotenv-4.0.0.tgz",
            "integrity": "sha1-hk7xN5rO1Vzm+V3r7NzhefegzR0="
        },
        "iconv-lite": {
            "version": "0.4.19",
            "resolved": "https://registry.npmjs.org/iconv-lite/-/iconv-lite-0.4.19.tgz",
            "integrity": "sha512-oTZqweIP51xaGPI4uPa56/Pri/480R+mo7SeU+YETByQNhDG55ycFyNLIgta9vXhILrxXDmF7ZGhqZIcuN0gJQ=="
        },
        "moment": {
            "version": "2.20.1",
            "resolved": "https://registry.npmjs.org/moment/-/moment-2.20.1.tgz",
            "integrity": "sha512-Yh9y73JRljxW5QxN08Fner68eFLxM5ynNOAw2LbIB1YAGeQzZT8QFSUvkAz609Zf+IHhhaUxqZK8dG3W/+HEvg=="
        },
        "moment-timezone": {
            "version": "0.5.14",
            "resolved": "https://registry.npmjs.org/moment-timezone/-/moment-timezone-0.5.14.tgz",
            "integrity": "sha1-TrOP+VOLgBCLpGekWPPtQmjM/LE=",
            "requires": {
                "moment": "2.20.1"
            }
        },
        "typescript": {
            "version": "2.6.2",
            "resolved": "https://registry.npmjs.org/typescript/-/typescript-2.6.2.tgz",
            "integrity": "sha1-PFtv1/beCRQmkCfwPAlGdY92c6Q="
        }
    }
}
