# THIS IS AN AUTOGENERATED FILE. DO NOT EDIT THIS FILE DIRECTLY.
# yarn lockfile v1


"@types/clone@^0.1.30":
  version "0.1.30"
  resolved "https://registry.yarnpkg.com/@types/clone/-/clone-0.1.30.tgz#e7365648c1b42136a59c7d5040637b3b5c83b614"
  integrity sha1-5zZWSMG0ITalnH1QQGN7O1yDthQ=

"@types/moment-timezone@^0.5.12":
  version "0.5.12"
  resolved "https://registry.yarnpkg.com/@types/moment-timezone/-/moment-timezone-0.5.12.tgz#0fb680c03db194fe8ff4551eaeb1eec8d3d80e9f"
  integrity sha512-hnHH2+Efg2vExr/dSz+IX860nSiyk9Sk4pJF2EmS11lRpMcNXeB4KBW5xcgw2QPsb9amTXdsVNEe5IoJXiT0uw==
  dependencies:
    moment ">=2.14.0"

"@types/node@^10.14.5":
  version "10.14.5"
  resolved "https://registry.yarnpkg.com/@types/node/-/node-10.14.5.tgz#27733a949f5d9972d87109297cffb62207ace70f"
  integrity sha512-Ja7d4s0qyGFxjGeDq5S7Si25OFibSAHUi6i17UWnwNnpitADN7hah9q0Tl25gxuV5R1u2Bx+np6w4LHXfHyj/g==

clone@^2.1.2:
  version "2.1.2"
  resolved "https://registry.yarnpkg.com/clone/-/clone-2.1.2.tgz#1b7f4b9f591f1e8f83670401600345a02887435f"
  integrity sha1-G39Ln1kfHo+DZwQBYANFoCiHQ18=

dotenv@^7.0.0:
  version "7.0.0"
  resolved "https://registry.yarnpkg.com/dotenv/-/dotenv-7.0.0.tgz#a2be3cd52736673206e8a85fb5210eea29628e7c"
  integrity sha512-M3NhsLbV1i6HuGzBUH8vXrtxOk+tWmzWKDMbAVSUp3Zsjm7ywFeuwrUXhmhQyRK1q5B5GGy7hcXPbj3bnfZg2g==

iconv-lite@^0.4.24:
  version "0.4.24"
  resolved "https://registry.yarnpkg.com/iconv-lite/-/iconv-lite-0.4.24.tgz#2022b4b25fbddc21d2f524974a474aafe733908b"
  integrity sha512-v3MXnZAcvnywkTUEZomIActle7RXXeedOR31wwl7VlyoXO4Qi9arvSenNQWne1TcRwhCL1HwLI21bEqdpj8/rA==
  dependencies:
    safer-buffer ">= 2.1.2 < 3"

moment-timezone@^0.5.25:
  version "0.5.25"
  resolved "https://registry.yarnpkg.com/moment-timezone/-/moment-timezone-0.5.25.tgz#a11bfa2f74e088327f2cd4c08b3e7bdf55957810"
  integrity sha512-DgEaTyN/z0HFaVcVbSyVCUU6HeFdnNC3vE4c9cgu2dgMTvjBUBdBzWfasTBmAW45u5OIMeCJtU8yNjM22DHucw==
  dependencies:
    moment ">= 2.9.0"

"moment@>= 2.9.0", moment@>=2.14.0, moment@^2.24.0:
  version "2.24.0"
  resolved "https://registry.yarnpkg.com/moment/-/moment-2.24.0.tgz#0d055d53f5052aa653c9f6eb68bb5d12bf5c2b5b"
  integrity sha512-bV7f+6l2QigeBBZSM/6yTNq4P2fNpSWj/0e7jQcy87A8e7o2nAfP/34/2ky5Vw4B9S446EtIhodAzkFCcR4dQg==

"safer-buffer@>= 2.1.2 < 3":
  version "2.1.2"
  resolved "https://registry.yarnpkg.com/safer-buffer/-/safer-buffer-2.1.2.tgz#44fa161b0187b9549dd84bb91802f9bd8385cd6a"
  integrity sha512-YZo3K82SD7Riyi0E1EQPojLz7kpepnSQI9IyPbHHg1XXXevb5dJI7tpyN2ADxGcQbHG7vcyRHk0cbwqcQriUtg==

typescript@^3.4.4:
  version "3.4.4"
  resolved "https://registry.yarnpkg.com/typescript/-/typescript-3.4.4.tgz#aac4a08abecab8091a75f10842ffa0631818f785"
  integrity sha512-xt5RsIRCEaf6+j9AyOBgvVuAec0i92rgCaS3S+UVf5Z/vF2Hvtsw08wtUTJqp4djwznoAgjSxeCcU4r+CcDBJA==
